{
  "nodes": {
    "flake-parts": {
      "inputs": {
        "nixpkgs-lib": "nixpkgs-lib"
      },
      "locked": {
        "lastModified": 1777898446,
        "narHash": "sha256-tTEOTTjMHd8Vffn4hehLTPgOXXxJ27xfkf4DoyZgD7s=",
        "owner": "hercules-ci",
        "repo": "flake-parts",
        "rev": "5d82aa3d6b5da25dbfec1a995750a70a03b8c659",
        "type": "github"
      },
      "original": {
        "owner": "hercules-ci",
        "repo": "flake-parts",
        "type": "github"
      }
    },
    "flake-utils": {
      "inputs": {
        "systems": "systems_3"
      },
      "locked": {
        "lastModified": 1731533236,
        "narHash": "sha256-l0KFg5HjrsfsO/JpG+r7fRrqm12kzFHyUHqHCVpMMbI=",
        "owner": "numtide",
        "repo": "flake-utils",
        "rev": "11707dc2f618dd54ca8739b309ec4fc024de578b",
        "type": "github"
      },
      "original": {
        "owner": "numtide",
        "repo": "flake-utils",
        "type": "github"
      }
    },
    "flake-utils_2": {
      "inputs": {
        "systems": "systems_4"
      },
      "locked": {
        "lastModified": 1731533236,
        "narHash": "sha256-l0KFg5HjrsfsO/JpG+r7fRrqm12kzFHyUHqHCVpMMbI=",
        "owner": "numtide",
        "repo": "flake-utils",
        "rev": "11707dc2f618dd54ca8739b309ec4fc024de578b",
        "type": "github"
      },
      "original": {
        "owner": "numtide",
        "repo": "flake-utils",
        "type": "github"
      }
    },
    "home-manager": {
      "inputs": {
        "nixpkgs": [
          "nixpkgs"
        ]
      },
      "locked": {
        "lastModified": 1785239295,
        "narHash": "sha256-aYFoftXjm7Df7CAoR0XoMQjJ9rTZ/l9d1jr9EqD7sHM=",
        "owner": "nix-community",
        "repo": "home-manager",
        "rev": "42bb40f7aaab63a107b64a20c4a4ade6550758d0",
        "type": "github"
      },
      "original": {
        "owner": "nix-community",
        "repo": "home-manager",
        "type": "github"
      }
    },
    "m701": {
      "inputs": {
        "nixpkgs": [
          "nixpkgs"
        ],
        "utils": "utils"
      },
      "locked": {
        "lastModified": 1782451689,
        "narHash": "sha256-ocdGVn7eiCBOjH4xOKTgL/zcL2gMcXYxGWVg1YoIyxE=",
        "owner": "kantiankant",
        "repo": "m701",
        "rev": "f2f18ab2ed8d36587faae4f1238dad25150a1cbb",
        "type": "github"
      },
      "original": {
        "owner": "kantiankant",
        "repo": "m701",
        "type": "github"
      }
    },
    "make2flake": {
      "inputs": {
        "nixpkgs": [
          "nixpkgs"
        ]
      },
      "locked": {
        "lastModified": 1783307382,
        "narHash": "sha256-oSb/0ZJglh58MeB3TifaLoSXZwR/AehGFVPhdlVqcoI=",
        "owner": "kantiankant",
        "repo": "make2flake",
        "rev": "0c324d587cd54798d83cb8a15f79f7b909b4693c",
        "type": "github"
      },
      "original": {
        "owner": "kantiankant",
        "repo": "make2flake",
        "type": "github"
      }
    },
    "nixpkgs": {
      "locked": {
        "lastModified": 1785090369,
        "narHash": "sha256-m0pDuRJG7EDo9ri+4Ksu83VsI+PlxNC9lNBfydejce4=",
        "owner": "nixos",
        "repo": "nixpkgs",
        "rev": "624af665418d3c65d544145b4d34ad696439570e",
        "type": "github"
      },
      "original": {
        "owner": "nixos",
        "ref": "nixos-unstable",
        "repo": "nixpkgs",
        "type": "github"
      }
    },
    "nixpkgs-lib": {
      "locked": {
        "lastModified": 1777168982,
        "narHash": "sha256-GOkGPcboWE9BmGCRMLX3worL4EMnsnG8MyKmXNeYuhQ=",
        "owner": "nix-community",
        "repo": "nixpkgs.lib",
        "rev": "f5901329dade4a6ea039af1433fb087bd9c1fe14",
        "type": "github"
      },
      "original": {
        "owner": "nix-community",
        "repo": "nixpkgs.lib",
        "type": "github"
      }
    },
    "root": {
      "inputs": {
        "home-manager": "home-manager",
        "m701": "m701",
        "make2flake": "make2flake",
        "nixpkgs": "nixpkgs",
        "sb": "sb",
        "swindle": "swindle",
        "termipedia": "termipedia",
        "twobwc": "twobwc",
        "zen-browser": "zen-browser"
      }
    },
    "sb": {
      "inputs": {
        "nixpkgs": [
          "nixpkgs"
        ],
        "utils": "utils_2"
      },
      "locked": {
        "lastModified": 1782414949,
        "narHash": "sha256-HPMCsv/WRJIBvmGQg/Knx4c4EuHfHx4DivseJiS87vY=",
        "owner": "kantiankant",
        "repo": "sb",
        "rev": "c8ca24a14a2eed270b7ad474ecdb305acbad3837",
        "type": "github"
      },
      "original": {
        "owner": "kantiankant",
        "repo": "sb",
        "type": "github"
      }
    },
    "swindle": {
      "inputs": {
        "flake-utils": "flake-utils",
        "nixpkgs": [
          "nixpkgs"
        ]
      },
      "locked": {
        "lastModified": 1785068049,
        "narHash": "sha256-Fptyeh6kmen/L/T4lrbwwZSl+Yyqk7a1qwMsO+mqkjk=",
        "owner": "kantiankant",
        "repo": "swindle",
        "rev": "0611af6ae71aab3774dc7c6eabc9eda22535b2d0",
        "type": "github"
      },
      "original": {
        "owner": "kantiankant",
        "repo": "swindle",
        "type": "github"
      }
    },
    "systems": {
      "locked": {
        "lastModified": 1681028828,
        "narHash": "sha256-Vy1rq5AaRuLzOxct8nz4T6wlgyUR7zLU309k9mBC768=",
        "owner": "nix-systems",
        "repo": "default",
        "rev": "da67096a3b9bf56a91d16901293e51ba5b49a27e",
        "type": "github"
      },
      "original": {
        "owner": "nix-systems",
        "repo": "default",
        "type": "github"
      }
    },
    "systems_2": {
      "locked": {
        "lastModified": 1681028828,
        "narHash": "sha256-Vy1rq5AaRuLzOxct8nz4T6wlgyUR7zLU309k9mBC768=",
        "owner": "nix-systems",
        "repo": "default",
        "rev": "da67096a3b9bf56a91d16901293e51ba5b49a27e",
        "type": "github"
      },
      "original": {
        "owner": "nix-systems",
        "repo": "default",
        "type": "github"
      }
    },
    "systems_3": {
      "locked": {
        "lastModified": 1681028828,
        "narHash": "sha256-Vy1rq5AaRuLzOxct8nz4T6wlgyUR7zLU309k9mBC768=",
        "owner": "nix-systems",
        "repo": "default",
        "rev": "da67096a3b9bf56a91d16901293e51ba5b49a27e",
        "type": "github"
      },
      "original": {
        "owner": "nix-systems",
        "repo": "default",
        "type": "github"
      }
    },
    "systems_4": {
      "locked": {
        "lastModified": 1681028828,
        "narHash": "sha256-Vy1rq5AaRuLzOxct8nz4T6wlgyUR7zLU309k9mBC768=",
        "owner": "nix-systems",
        "repo": "default",
        "rev": "da67096a3b9bf56a91d16901293e51ba5b49a27e",
        "type": "github"
      },
      "original": {
        "owner": "nix-systems",
        "repo": "default",
        "type": "github"
      }
    },
    "termipedia": {
      "inputs": {
        "flake-parts": "flake-parts",
        "nixpkgs": [
          "nixpkgs"
        ]
      },
      "locked": {
        "lastModified": 1778032820,
        "narHash": "sha256-EJjkN9kJp6Af6CSyonkcBdsNWbzRfax88WdHdrWYChk=",
        "owner": "kantiankant",
        "repo": "termipedia",
        "rev": "7e6056d1de631ca4f6a7660e74fc5fb56cbbedc4",
        "type": "github"
      },
      "original": {
        "owner": "kantiankant",
        "repo": "termipedia",
        "type": "github"
      }
    },
    "twobwc": {
      "inputs": {
        "flake-utils": "flake-utils_2",
        "nixpkgs": [
          "nixpkgs"
        ]
      },
      "locked": {
        "narHash": "sha256-El4Iaite2AcKp96mr5JB6Q63U/WhJ6oNzzMD4sEeGzU=",
        "ref": "default",
        "rev": "c95c5997934f2b11ca9add88648721aa22710883",
        "revCount": 1,
        "type": "hg",
        "url": "https://hg.hgdump.net/tsukasa/2bwc"
      },
      "original": {
        "ref": "default",
        "type": "hg",
        "url": "https://hg.hgdump.net/tsukasa/2bwc"
      }
    },
    "utils": {
      "inputs": {
        "systems": "systems"
      },
      "locked": {
        "lastModified": 1731533236,
        "narHash": "sha256-l0KFg5HjrsfsO/JpG+r7fRrqm12kzFHyUHqHCVpMMbI=",
        "owner": "numtide",
        "repo": "flake-utils",
        "rev": "11707dc2f618dd54ca8739b309ec4fc024de578b",
        "type": "github"
      },
      "original": {
        "owner": "numtide",
        "repo": "flake-utils",
        "type": "github"
      }
    },
    "utils_2": {
      "inputs": {
        "systems": "systems_2"
      },
      "locked": {
        "lastModified": 1731533236,
        "narHash": "sha256-l0KFg5HjrsfsO/JpG+r7fRrqm12kzFHyUHqHCVpMMbI=",
        "owner": "numtide",
        "repo": "flake-utils",
        "rev": "11707dc2f618dd54ca8739b309ec4fc024de578b",
        "type": "github"
      },
      "original": {
        "owner": "numtide",
        "repo": "flake-utils",
        "type": "github"
      }
    },
    "zen-browser": {
      "inputs": {
        "home-manager": [
          "home-manager"
        ],
        "nixpkgs": [
          "nixpkgs"
        ]
      },
      "locked": {
        "lastModified": 1785224333,
        "narHash": "sha256-8DNJUVM10ktK02V9ZIV064CH+fuPF272VCAZBn6arig=",
        "owner": "0xc000022070",
        "repo": "zen-browser-flake",
        "rev": "5f1a4be4d280e1ae06d61a75775a234b1714da3f",
        "type": "github"
      },
      "original": {
        "owner": "0xc000022070",
        "repo": "zen-browser-flake",
        "type": "github"
      }
    }
  },
  "root": "root",
  "version": 7
}
